// !$*UTF8*$!
{
	archiveVersion = 1;
	classes = {
	};
	objectVersion = 51;
	objects = {

/* Begin PBXBuildFile section */
		09D5713E4578CE65BAAC79A5 /* SignUpAssembly.swift in Sources */ = {isa = PBXBuildFile; fileRef = 5751DB541826F12F9EFFF489 /* SignUpAssembly.swift */; };
		116E97A7BD25709091FA4AD6 /* SignUpModuleOutput.swift in Sources */ = {isa = PBXBuildFile; fileRef = B579C27E0FE1D25315903E35 /* SignUpModuleOutput.swift */; };
		127909A5FC70EA5A41288B80 /* DashboardViewController.swift in Sources */ = {isa = PBXBuildFile; fileRef = C705A1BDD0EEEBD426FEC2A7 /* DashboardViewController.swift */; };
		1C22DD631022A032C5971B42 /* TransactionsLocalization.swift in Sources */ = {isa = PBXBuildFile; fileRef = BD797081D6C007FBDE987380 /* TransactionsLocalization.swift */; };
		2C2454F84A0D0881EE8F6D1F /* SignInViewController.swift in Sources */ = {isa = PBXBuildFile; fileRef = C3C7EB794A5B7D60BF4C084A /* SignInViewController.swift */; };
		2C4AA007F24857BF55C49C3A /* SignInAssembly.swift in Sources */ = {isa = PBXBuildFile; fileRef = 418778BC57B4782BE71D8E3A /* SignInAssembly.swift */; };
		307410924EA1F052A0E04B4E /* DashboardViewOutput.swift in Sources */ = {isa = PBXBuildFile; fileRef = 6FA5A52B6F4FB8176768DFBC /* DashboardViewOutput.swift */; };
		323BEE10F3436D3E0C301B33 /* DashboardLocalization.swift in Sources */ = {isa = PBXBuildFile; fileRef = 3AFE141D92A4D1D66D411EB1 /* DashboardLocalization.swift */; };
		39693E3BDA5975B365327B0C /* TransactionsPresenter.swift in Sources */ = {isa = PBXBuildFile; fileRef = 05BB62FE1582986702E4E019 /* TransactionsPresenter.swift */; };
		3CA3682581506699456D9706 /* SignInRouterInput.swift in Sources */ = {isa = PBXBuildFile; fileRef = 1F68B9C5A6CC92181293E687 /* SignInRouterInput.swift */; };
		3E5B2E83E0FD71B44FD4D5DE /* Pods_PayBank.framework in Frameworks */ = {isa = PBXBuildFile; fileRef = 24F2056D821E7B2931A01B3B /* Pods_PayBank.framework */; };
		40DAEBDB2DAA768F9ABFC4E7 /* DashboardAssembly.swift in Sources */ = {isa = PBXBuildFile; fileRef = 2A0CD2AED289070D85FF052C /* DashboardAssembly.swift */; };
		4511BB34BB79F2A330597856 /* DashboardModuleOutput.swift in Sources */ = {isa = PBXBuildFile; fileRef = 9FEA69BFD5D0D604DDB02E4B /* DashboardModuleOutput.swift */; };
		481594AFE0C601AACDCE39D4 /* DashboardInteractor.swift in Sources */ = {isa = PBXBuildFile; fileRef = 96FEBD042692D1C01C6279B6 /* DashboardInteractor.swift */; };
		50B1E496D7FE44EAF655483D /* TransactionsRouterInput.swift in Sources */ = {isa = PBXBuildFile; fileRef = 46C819B9841E531B014C6FD7 /* TransactionsRouterInput.swift */; };
		52FE29BAB9E1B7C089E89D7B /* TransactionsRouter.swift in Sources */ = {isa = PBXBuildFile; fileRef = B6ABACC244C96F4596383C6A /* TransactionsRouter.swift */; };
		69D8754CF053A624F7421E2A /* TransactionsInteractor.swift in Sources */ = {isa = PBXBuildFile; fileRef = 3713E3ED43B9CC986C7D0369 /* TransactionsInteractor.swift */; };
		6D37E6B54AFFAC7A79C8175C /* SignUpViewOutput.swift in Sources */ = {isa = PBXBuildFile; fileRef = 2178D5ABDCD73F625E2CB939 /* SignUpViewOutput.swift */; };
		6E2064FF8361263D291DA5F7 /* TransactionsModuleInput.swift in Sources */ = {isa = PBXBuildFile; fileRef = CAF295CA61FAD41BB17BD0EE /* TransactionsModuleInput.swift */; };
		6F12040D2460ACE851A30468 /* SignUpPresenter.swift in Sources */ = {isa = PBXBuildFile; fileRef = 6ED8C6661F8D29CF0FDA7D29 /* SignUpPresenter.swift */; };
		72A2E5AF8FDAE2C12974E732 /* SignInInteractorOutput.swift in Sources */ = {isa = PBXBuildFile; fileRef = 6EA2AABB3613789E4969171F /* SignInInteractorOutput.swift */; };
		7B69246AA40174E309CB4C13 /* DashboardRouterInput.swift in Sources */ = {isa = PBXBuildFile; fileRef = 03D037928515DA2740D786CC /* DashboardRouterInput.swift */; };
		7CB1E58D7B8E201AC35D1FB9 /* SignInRouter.swift in Sources */ = {isa = PBXBuildFile; fileRef = 13BAACCCE145B106AADF42E1 /* SignInRouter.swift */; };
		807D3309B09211EFF926E5FF /* DashboardRouter.swift in Sources */ = {isa = PBXBuildFile; fileRef = D339A2CE20074467A59E0011 /* DashboardRouter.swift */; };
		814BA4686B36E8E58CC81B01 /* SignUpViewInput.swift in Sources */ = {isa = PBXBuildFile; fileRef = D1FA81DADB06695A95B768AC /* SignUpViewInput.swift */; };
		8163EBD73A894C1FFF1ED4C9 /* SignInPresenter.swift in Sources */ = {isa = PBXBuildFile; fileRef = 5329024BC7C80C446C0FD032 /* SignInPresenter.swift */; };
		83E734671F0AD2A303E1AAC5 /* SignInModuleOutput.swift in Sources */ = {isa = PBXBuildFile; fileRef = 04D833B7FBEF19986E751070 /* SignInModuleOutput.swift */; };
		8544787D1FB96EAB667CBDF7 /* DashboardViewInput.swift in Sources */ = {isa = PBXBuildFile; fileRef = 4EAE6C4C989916AF5794AE7D /* DashboardViewInput.swift */; };
		8EEF0CDA7997BAE8202C0DEC /* SignUpInteractorInput.swift in Sources */ = {isa = PBXBuildFile; fileRef = 528F279ADA2635EE5BCEF231 /* SignUpInteractorInput.swift */; };
		9316DF822A2E4C777F725450 /* TransactionsInteractorInput.swift in Sources */ = {isa = PBXBuildFile; fileRef = 29DB3ACDA133AC54164C77FF /* TransactionsInteractorInput.swift */; };
		9531C09A24C6E7AA00D7C672 /* Codable+Utils.swift in Sources */ = {isa = PBXBuildFile; fileRef = 9531C09924C6E7AA00D7C672 /* Codable+Utils.swift */; };
		9531C09C24C6E93F00D7C672 /* Log.swift in Sources */ = {isa = PBXBuildFile; fileRef = 9531C09B24C6E93F00D7C672 /* Log.swift */; };
		9531C09E24C6EF3100D7C672 /* TransactionsStates.swift in Sources */ = {isa = PBXBuildFile; fileRef = 9531C09D24C6EF3100D7C672 /* TransactionsStates.swift */; };
		9531C0A324C6EFF100D7C672 /* NoResultsCell.swift in Sources */ = {isa = PBXBuildFile; fileRef = 9531C0A124C6EFF100D7C672 /* NoResultsCell.swift */; };
		9531C0A424C6EFF100D7C672 /* NoResultsCell.xib in Resources */ = {isa = PBXBuildFile; fileRef = 9531C0A224C6EFF100D7C672 /* NoResultsCell.xib */; };
		9531C0A624C6F2EC00D7C672 /* SharedLocalization.swift in Sources */ = {isa = PBXBuildFile; fileRef = 9531C0A524C6F2EC00D7C672 /* SharedLocalization.swift */; };
		9531C0A824C6F5DD00D7C672 /* UIViewController+Messages.swift in Sources */ = {isa = PBXBuildFile; fileRef = 9531C0A724C6F5DD00D7C672 /* UIViewController+Messages.swift */; };
		9531C0AA24C70AEC00D7C672 /* TimeFormatterService.swift in Sources */ = {isa = PBXBuildFile; fileRef = 9531C0A924C70AEC00D7C672 /* TimeFormatterService.swift */; };
		9531C0AC24C70DDA00D7C672 /* TransactionsSortingService.swift in Sources */ = {isa = PBXBuildFile; fileRef = 9531C0AB24C70DDA00D7C672 /* TransactionsSortingService.swift */; };
		9531C0AE24C7162500D7C672 /* DashboardStates.swift in Sources */ = {isa = PBXBuildFile; fileRef = 9531C0AD24C7162500D7C672 /* DashboardStates.swift */; };
		9531C0B024C717C000D7C672 /* CashExpences.swift in Sources */ = {isa = PBXBuildFile; fileRef = 9531C0AF24C717C000D7C672 /* CashExpences.swift */; };
		9531C0B524C7298700D7C672 /* MontlyCashExpensesCell.swift in Sources */ = {isa = PBXBuildFile; fileRef = 9531C0B324C7298700D7C672 /* MontlyCashExpensesCell.swift */; };
		9531C0B624C7298700D7C672 /* MontlyCashExpensesCell.xib in Resources */ = {isa = PBXBuildFile; fileRef = 9531C0B424C7298700D7C672 /* MontlyCashExpensesCell.xib */; };
		9531C0BB24C735EB00D7C672 /* AuthentificationAPI.swift in Sources */ = {isa = PBXBuildFile; fileRef = 9531C0BA24C735EB00D7C672 /* AuthentificationAPI.swift */; };
		9531C0BD24C7361C00D7C672 /* AuthenthificationRequests.swift in Sources */ = {isa = PBXBuildFile; fileRef = 9531C0BC24C7361C00D7C672 /* AuthenthificationRequests.swift */; };
		9531C0C024C73A8E00D7C672 /* SignInViewState.swift in Sources */ = {isa = PBXBuildFile; fileRef = 9531C0BF24C73A8E00D7C672 /* SignInViewState.swift */; };
		9531C2F124C75BF700D7C672 /* StubData.swift in Sources */ = {isa = PBXBuildFile; fileRef = 9531C2F024C75BF700D7C672 /* StubData.swift */; };
		9531C2F324C75E9700D7C672 /* SignUpViewState.swift in Sources */ = {isa = PBXBuildFile; fileRef = 9531C2F224C75E9700D7C672 /* SignUpViewState.swift */; };
		9531C2F524C761E100D7C672 /* Gender.swift in Sources */ = {isa = PBXBuildFile; fileRef = 9531C2F424C761E100D7C672 /* Gender.swift */; };
		9531C2F824C8330800D7C672 /* MessagesCoordinator.swift in Sources */ = {isa = PBXBuildFile; fileRef = 9531C2F724C8330800D7C672 /* MessagesCoordinator.swift */; };
		9531C2FC24C840F700D7C672 /* TextStyle.swift in Sources */ = {isa = PBXBuildFile; fileRef = 9531C2FB24C840F700D7C672 /* TextStyle.swift */; };
		9531C2FE24C8411100D7C672 /* Alpha.swift in Sources */ = {isa = PBXBuildFile; fileRef = 9531C2FD24C8411100D7C672 /* Alpha.swift */; };
		9531C30024C8415300D7C672 /* TextStyling.swift in Sources */ = {isa = PBXBuildFile; fileRef = 9531C2FF24C8415300D7C672 /* TextStyling.swift */; };
		9531C30224C841F600D7C672 /* UIColor+Design.swift in Sources */ = {isa = PBXBuildFile; fileRef = 9531C30124C841F600D7C672 /* UIColor+Design.swift */; };
		9535564824C56F0000E32D67 /* AppDelegate.swift in Sources */ = {isa = PBXBuildFile; fileRef = 9535564724C56F0000E32D67 /* AppDelegate.swift */; };
		9535564F24C56F0000E32D67 /* Main.storyboard in Resources */ = {isa = PBXBuildFile; fileRef = 9535564D24C56F0000E32D67 /* Main.storyboard */; };
		9535565124C56F0100E32D67 /* Assets.xcassets in Resources */ = {isa = PBXBuildFile; fileRef = 9535565024C56F0100E32D67 /* Assets.xcassets */; };
		9535565424C56F0100E32D67 /* LaunchScreen.storyboard in Resources */ = {isa = PBXBuildFile; fileRef = 9535565224C56F0100E32D67 /* LaunchScreen.storyboard */; };
		9535567124C572BB00E32D67 /* StoryboardLoadable.swift in Sources */ = {isa = PBXBuildFile; fileRef = 9535567024C572BB00E32D67 /* StoryboardLoadable.swift */; };
		9535567424C572D700E32D67 /* Router.swift in Sources */ = {isa = PBXBuildFile; fileRef = 9535567324C572D700E32D67 /* Router.swift */; };
		9535567624C572DE00E32D67 /* RouterImp.swift in Sources */ = {isa = PBXBuildFile; fileRef = 9535567524C572DE00E32D67 /* RouterImp.swift */; };
		9535567824C572F300E32D67 /* Presentable.swift in Sources */ = {isa = PBXBuildFile; fileRef = 9535567724C572F300E32D67 /* Presentable.swift */; };
		9535567C24C5734F00E32D67 /* LaunchService.swift in Sources */ = {isa = PBXBuildFile; fileRef = 9535567B24C5734F00E32D67 /* LaunchService.swift */; };
		9535567E24C5738000E32D67 /* Coordinator.swift in Sources */ = {isa = PBXBuildFile; fileRef = 9535567D24C5738000E32D67 /* Coordinator.swift */; };
		9535568024C5739900E32D67 /* BaseCoordinator.swift in Sources */ = {isa = PBXBuildFile; fileRef = 9535567F24C5739900E32D67 /* BaseCoordinator.swift */; };
		9535568224C573C400E32D67 /* ApplicationCoordinator.swift in Sources */ = {isa = PBXBuildFile; fileRef = 9535568124C573C400E32D67 /* ApplicationCoordinator.swift */; };
		9535568424C573F200E32D67 /* CoordinatorsAssembly.swift in Sources */ = {isa = PBXBuildFile; fileRef = 9535568324C573F200E32D67 /* CoordinatorsAssembly.swift */; };
		9535568624C5743800E32D67 /* ServicesAssembly.swift in Sources */ = {isa = PBXBuildFile; fileRef = 9535568524C5743800E32D67 /* ServicesAssembly.swift */; };
		9535568824C5751200E32D67 /* Scripts in Resources */ = {isa = PBXBuildFile; fileRef = 9535568724C5751200E32D67 /* Scripts */; };
		9535568A24C57B3300E32D67 /* AuthCoordinator.swift in Sources */ = {isa = PBXBuildFile; fileRef = 9535568924C57B3300E32D67 /* AuthCoordinator.swift */; };
		9535568C24C57B3C00E32D67 /* MainCoordinator.swift in Sources */ = {isa = PBXBuildFile; fileRef = 9535568B24C57B3C00E32D67 /* MainCoordinator.swift */; };
		953A5F7624C59A0A00E3B438 /* Readme.md in Resources */ = {isa = PBXBuildFile; fileRef = 953A5F7524C59A0A00E3B438 /* Readme.md */; };
		953A5F7924C59B6C00E3B438 /* TransactionsCoordinator.swift in Sources */ = {isa = PBXBuildFile; fileRef = 953A5F7824C59B6C00E3B438 /* TransactionsCoordinator.swift */; };
		953A5F7B24C59C8100E3B438 /* DashboardCoordinator.swift in Sources */ = {isa = PBXBuildFile; fileRef = 953A5F7A24C59C8100E3B438 /* DashboardCoordinator.swift */; };
		95D2EC4524C5A85C0030FE5D /* Localizable.swift in Sources */ = {isa = PBXBuildFile; fileRef = 95D2EC4424C5A85C0030FE5D /* Localizable.swift */; };
		95D2EC4724C5A87C0030FE5D /* SignInViewController.storyboard in Resources */ = {isa = PBXBuildFile; fileRef = 95D2EC4624C5A87C0030FE5D /* SignInViewController.storyboard */; };
		95D2EC4924C5A89F0030FE5D /* SignUpViewController.storyboard in Resources */ = {isa = PBXBuildFile; fileRef = 95D2EC4824C5A89F0030FE5D /* SignUpViewController.storyboard */; };
		95D2EC4B24C5A8E10030FE5D /* TransactionsViewController.storyboard in Resources */ = {isa = PBXBuildFile; fileRef = 95D2EC4A24C5A8E10030FE5D /* TransactionsViewController.storyboard */; };
		95D2EC4D24C5A90D0030FE5D /* DashboardViewController.storyboard in Resources */ = {isa = PBXBuildFile; fileRef = 95D2EC4C24C5A90D0030FE5D /* DashboardViewController.storyboard */; };
		95D2EC5124C5CE090030FE5D /* APIClient.swift in Sources */ = {isa = PBXBuildFile; fileRef = 95D2EC5024C5CE090030FE5D /* APIClient.swift */; };
		95D2EC5324C5CE3C0030FE5D /* APIError.swift in Sources */ = {isa = PBXBuildFile; fileRef = 95D2EC5224C5CE3C0030FE5D /* APIError.swift */; };
		95D2EC5524C5CE4E0030FE5D /* APIResult.swift in Sources */ = {isa = PBXBuildFile; fileRef = 95D2EC5424C5CE4E0030FE5D /* APIResult.swift */; };
		95D2EC5724C5CE600030FE5D /* APIDomain.swift in Sources */ = {isa = PBXBuildFile; fileRef = 95D2EC5624C5CE600030FE5D /* APIDomain.swift */; };
		95D2EC5924C5CF8E0030FE5D /* TargetTypeExtension.swift in Sources */ = {isa = PBXBuildFile; fileRef = 95D2EC5824C5CF8E0030FE5D /* TargetTypeExtension.swift */; };
		95D2EC5C24C5D4190030FE5D /* TransactionsAPI.swift in Sources */ = {isa = PBXBuildFile; fileRef = 95D2EC5B24C5D4190030FE5D /* TransactionsAPI.swift */; };
		95D2EC6024C5EDC80030FE5D /* TransactionCell.swift in Sources */ = {isa = PBXBuildFile; fileRef = 95D2EC5F24C5EDC80030FE5D /* TransactionCell.swift */; };
		95D2EC6224C5F31D0030FE5D /* TransactionCell.xib in Resources */ = {isa = PBXBuildFile; fileRef = 95D2EC6124C5F31D0030FE5D /* TransactionCell.xib */; };
		95D2EC6624C5F7220030FE5D /* Transaction.swift in Sources */ = {isa = PBXBuildFile; fileRef = 95D2EC6524C5F7220030FE5D /* Transaction.swift */; };
		969CBB08D35C226C1A7E4B88 /* DashboardInteractorInput.swift in Sources */ = {isa = PBXBuildFile; fileRef = 635335C222544C15CF369473 /* DashboardInteractorInput.swift */; };
		9EA736764410CABF21899730 /* SignUpModuleInput.swift in Sources */ = {isa = PBXBuildFile; fileRef = FD7B5164446A225256542B12 /* SignUpModuleInput.swift */; };
		A41887EEAAD8D1213E557649 /* TransactionsViewOutput.swift in Sources */ = {isa = PBXBuildFile; fileRef = AD50C9F8048BCF441AD2C266 /* TransactionsViewOutput.swift */; };
		AA817206BDCD1F22AFFF9C21 /* TransactionsInteractorOutput.swift in Sources */ = {isa = PBXBuildFile; fileRef = 9C7899A8011E33A8E37D369B /* TransactionsInteractorOutput.swift */; };
		AC1BB1B36E29415F24E74A66 /* DashboardModuleInput.swift in Sources */ = {isa = PBXBuildFile; fileRef = 454EC973644B806D35650CCB /* DashboardModuleInput.swift */; };
		B04BBE313A92F06CA6189CDE /* DashboardInteractorOutput.swift in Sources */ = {isa = PBXBuildFile; fileRef = 2399CE7AD0678C3D4E85FEFA /* DashboardInteractorOutput.swift */; };
		B789058CE4829B21B9DAAF09 /* DashboardPresenter.swift in Sources */ = {isa = PBXBuildFile; fileRef = 7D5FC0208613419BF7B49EE4 /* DashboardPresenter.swift */; };
		B9D301144449E6FBEA3BD6C6 /* SignInModuleInput.swift in Sources */ = {isa = PBXBuildFile; fileRef = 1B58EBCEDEF0F068B467874B /* SignInModuleInput.swift */; };
		BBCD00EB787CD1F10AF3A444 /* SignUpInteractor.swift in Sources */ = {isa = PBXBuildFile; fileRef = 8D66D43FBBFC5D8416543579 /* SignUpInteractor.swift */; };
		BBFC4B922850A4963BD99FB5 /* SignUpInteractorOutput.swift in Sources */ = {isa = PBXBuildFile; fileRef = 44F84A9857A8C5FD115DAE65 /* SignUpInteractorOutput.swift */; };
		BF881DA65FD8E32A2A3B1FA9 /* SignInViewOutput.swift in Sources */ = {isa = PBXBuildFile; fileRef = 2D5E8676A3D8F8A5AD0E33B0 /* SignInViewOutput.swift */; };
		C2CC021342F2E060DBCD594E /* TransactionsAssembly.swift in Sources */ = {isa = PBXBuildFile; fileRef = 45962E32B769C3A0510C8398 /* TransactionsAssembly.swift */; };
		C5DE9535ED9CAA0D7FC4D124 /* SignInViewInput.swift in Sources */ = {isa = PBXBuildFile; fileRef = 0DF96CA71E09985FDD2DF236 /* SignInViewInput.swift */; };
		CC4196624D2414D37328CAE5 /* SignUpLocalization.swift in Sources */ = {isa = PBXBuildFile; fileRef = E9291DA2A5C04853680AA60D /* SignUpLocalization.swift */; };
		CDE2C0B8AECDA58771073AC0 /* SignUpViewController.swift in Sources */ = {isa = PBXBuildFile; fileRef = AF32E2A8DDD96497653955A4 /* SignUpViewController.swift */; };
		CECA2FF71CF1729661A0B84A /* TransactionsViewInput.swift in Sources */ = {isa = PBXBuildFile; fileRef = B0030A569FF87DB6D409634E /* TransactionsViewInput.swift */; };
		D58D0D45436EA6C7B85159C8 /* SignInInteractorInput.swift in Sources */ = {isa = PBXBuildFile; fileRef = 2D6FE41621E39D5D2F6D502A /* SignInInteractorInput.swift */; };
		D60D5EBB6C18CC2250E5B10C /* SignInInteractor.swift in Sources */ = {isa = PBXBuildFile; fileRef = 150DD6D215637A8BD3616E27 /* SignInInteractor.swift */; };
		D9490F7B73A7CCB4CB42C3EC /* SignInLocalization.swift in Sources */ = {isa = PBXBuildFile; fileRef = 1EC5F1380C6FF56695FAAE6D /* SignInLocalization.swift */; };
		E03197104D89C2BCD0B3CF84 /* SignUpRouterInput.swift in Sources */ = {isa = PBXBuildFile; fileRef = B97A9B980D24D446F8F5EA75 /* SignUpRouterInput.swift */; };
		E45461DE137491299E929D64 /* TransactionsModuleOutput.swift in Sources */ = {isa = PBXBuildFile; fileRef = A2000178E10A9FC6EFB1CEBD /* TransactionsModuleOutput.swift */; };
		FB63E180C3D485344B9ADFAF /* TransactionsViewController.swift in Sources */ = {isa = PBXBuildFile; fileRef = 9499EA3F496ABD82F8B15D1E /* TransactionsViewController.swift */; };
		FE1BFE36129BFAE3C79B96BC /* SignUpRouter.swift in Sources */ = {isa = PBXBuildFile; fileRef = F13BA0F245E97D9983A4AC88 /* SignUpRouter.swift */; };
/* End PBXBuildFile section */

/* Begin PBXFileReference section */
		03D037928515DA2740D786CC /* DashboardRouterInput.swift */ = {isa = PBXFileReference; includeInIndex = 1; lastKnownFileType = sourcecode.swift; path = DashboardRouterInput.swift; sourceTree = "<group>"; };
		04D833B7FBEF19986E751070 /* SignInModuleOutput.swift */ = {isa = PBXFileReference; includeInIndex = 1; lastKnownFileType = sourcecode.swift; path = SignInModuleOutput.swift; sourceTree = "<group>"; };
		05BB62FE1582986702E4E019 /* TransactionsPresenter.swift */ = {isa = PBXFileReference; includeInIndex = 1; lastKnownFileType = sourcecode.swift; path = TransactionsPresenter.swift; sourceTree = "<group>"; };
		0DF96CA71E09985FDD2DF236 /* SignInViewInput.swift */ = {isa = PBXFileReference; includeInIndex = 1; lastKnownFileType = sourcecode.swift; path = SignInViewInput.swift; sourceTree = "<group>"; };
		0EB7A1B6ECE04FA8F2130422 /* Pods-PayBank.release.xcconfig */ = {isa = PBXFileReference; includeInIndex = 1; lastKnownFileType = text.xcconfig; name = "Pods-PayBank.release.xcconfig"; path = "Target Support Files/Pods-PayBank/Pods-PayBank.release.xcconfig"; sourceTree = "<group>"; };
		13BAACCCE145B106AADF42E1 /* SignInRouter.swift */ = {isa = PBXFileReference; includeInIndex = 1; lastKnownFileType = sourcecode.swift; path = SignInRouter.swift; sourceTree = "<group>"; };
		150DD6D215637A8BD3616E27 /* SignInInteractor.swift */ = {isa = PBXFileReference; includeInIndex = 1; lastKnownFileType = sourcecode.swift; path = SignInInteractor.swift; sourceTree = "<group>"; };
		1B58EBCEDEF0F068B467874B /* SignInModuleInput.swift */ = {isa = PBXFileReference; includeInIndex = 1; lastKnownFileType = sourcecode.swift; path = SignInModuleInput.swift; sourceTree = "<group>"; };
		1EC5F1380C6FF56695FAAE6D /* SignInLocalization.swift */ = {isa = PBXFileReference; includeInIndex = 1; lastKnownFileType = sourcecode.swift; path = SignInLocalization.swift; sourceTree = "<group>"; };
		1F68B9C5A6CC92181293E687 /* SignInRouterInput.swift */ = {isa = PBXFileReference; includeInIndex = 1; lastKnownFileType = sourcecode.swift; path = SignInRouterInput.swift; sourceTree = "<group>"; };
		2178D5ABDCD73F625E2CB939 /* SignUpViewOutput.swift */ = {isa = PBXFileReference; includeInIndex = 1; lastKnownFileType = sourcecode.swift; path = SignUpViewOutput.swift; sourceTree = "<group>"; };
		2399CE7AD0678C3D4E85FEFA /* DashboardInteractorOutput.swift */ = {isa = PBXFileReference; includeInIndex = 1; lastKnownFileType = sourcecode.swift; path = DashboardInteractorOutput.swift; sourceTree = "<group>"; };
		24F2056D821E7B2931A01B3B /* Pods_PayBank.framework */ = {isa = PBXFileReference; explicitFileType = wrapper.framework; includeInIndex = 0; path = Pods_PayBank.framework; sourceTree = BUILT_PRODUCTS_DIR; };
		29DB3ACDA133AC54164C77FF /* TransactionsInteractorInput.swift */ = {isa = PBXFileReference; includeInIndex = 1; lastKnownFileType = sourcecode.swift; path = TransactionsInteractorInput.swift; sourceTree = "<group>"; };
		2A0CD2AED289070D85FF052C /* DashboardAssembly.swift */ = {isa = PBXFileReference; includeInIndex = 1; lastKnownFileType = sourcecode.swift; path = DashboardAssembly.swift; sourceTree = "<group>"; };
		2D5E8676A3D8F8A5AD0E33B0 /* SignInViewOutput.swift */ = {isa = PBXFileReference; includeInIndex = 1; lastKnownFileType = sourcecode.swift; path = SignInViewOutput.swift; sourceTree = "<group>"; };
		2D6FE41621E39D5D2F6D502A /* SignInInteractorInput.swift */ = {isa = PBXFileReference; includeInIndex = 1; lastKnownFileType = sourcecode.swift; path = SignInInteractorInput.swift; sourceTree = "<group>"; };
		3713E3ED43B9CC986C7D0369 /* TransactionsInteractor.swift */ = {isa = PBXFileReference; includeInIndex = 1; lastKnownFileType = sourcecode.swift; path = TransactionsInteractor.swift; sourceTree = "<group>"; };
		3AFE141D92A4D1D66D411EB1 /* DashboardLocalization.swift */ = {isa = PBXFileReference; includeInIndex = 1; lastKnownFileType = sourcecode.swift; path = DashboardLocalization.swift; sourceTree = "<group>"; };
		418778BC57B4782BE71D8E3A /* SignInAssembly.swift */ = {isa = PBXFileReference; includeInIndex = 1; lastKnownFileType = sourcecode.swift; path = SignInAssembly.swift; sourceTree = "<group>"; };
		44F84A9857A8C5FD115DAE65 /* SignUpInteractorOutput.swift */ = {isa = PBXFileReference; includeInIndex = 1; lastKnownFileType = sourcecode.swift; path = SignUpInteractorOutput.swift; sourceTree = "<group>"; };
		454EC973644B806D35650CCB /* DashboardModuleInput.swift */ = {isa = PBXFileReference; includeInIndex = 1; lastKnownFileType = sourcecode.swift; path = DashboardModuleInput.swift; sourceTree = "<group>"; };
		45962E32B769C3A0510C8398 /* TransactionsAssembly.swift */ = {isa = PBXFileReference; includeInIndex = 1; lastKnownFileType = sourcecode.swift; path = TransactionsAssembly.swift; sourceTree = "<group>"; };
		46C819B9841E531B014C6FD7 /* TransactionsRouterInput.swift */ = {isa = PBXFileReference; includeInIndex = 1; lastKnownFileType = sourcecode.swift; path = TransactionsRouterInput.swift; sourceTree = "<group>"; };
		4EAE6C4C989916AF5794AE7D /* DashboardViewInput.swift */ = {isa = PBXFileReference; includeInIndex = 1; lastKnownFileType = sourcecode.swift; path = DashboardViewInput.swift; sourceTree = "<group>"; };
		528F279ADA2635EE5BCEF231 /* SignUpInteractorInput.swift */ = {isa = PBXFileReference; includeInIndex = 1; lastKnownFileType = sourcecode.swift; path = SignUpInteractorInput.swift; sourceTree = "<group>"; };
		5329024BC7C80C446C0FD032 /* SignInPresenter.swift */ = {isa = PBXFileReference; includeInIndex = 1; lastKnownFileType = sourcecode.swift; path = SignInPresenter.swift; sourceTree = "<group>"; };
		5751DB541826F12F9EFFF489 /* SignUpAssembly.swift */ = {isa = PBXFileReference; includeInIndex = 1; lastKnownFileType = sourcecode.swift; path = SignUpAssembly.swift; sourceTree = "<group>"; };
		635335C222544C15CF369473 /* DashboardInteractorInput.swift */ = {isa = PBXFileReference; includeInIndex = 1; lastKnownFileType = sourcecode.swift; path = DashboardInteractorInput.swift; sourceTree = "<group>"; };
		6EA2AABB3613789E4969171F /* SignInInteractorOutput.swift */ = {isa = PBXFileReference; includeInIndex = 1; lastKnownFileType = sourcecode.swift; path = SignInInteractorOutput.swift; sourceTree = "<group>"; };
		6ED8C6661F8D29CF0FDA7D29 /* SignUpPresenter.swift */ = {isa = PBXFileReference; includeInIndex = 1; lastKnownFileType = sourcecode.swift; path = SignUpPresenter.swift; sourceTree = "<group>"; };
		6FA5A52B6F4FB8176768DFBC /* DashboardViewOutput.swift */ = {isa = PBXFileReference; includeInIndex = 1; lastKnownFileType = sourcecode.swift; path = DashboardViewOutput.swift; sourceTree = "<group>"; };
		7D5FC0208613419BF7B49EE4 /* DashboardPresenter.swift */ = {isa = PBXFileReference; includeInIndex = 1; lastKnownFileType = sourcecode.swift; path = DashboardPresenter.swift; sourceTree = "<group>"; };
		8D66D43FBBFC5D8416543579 /* SignUpInteractor.swift */ = {isa = PBXFileReference; includeInIndex = 1; lastKnownFileType = sourcecode.swift; path = SignUpInteractor.swift; sourceTree = "<group>"; };
		9499EA3F496ABD82F8B15D1E /* TransactionsViewController.swift */ = {isa = PBXFileReference; includeInIndex = 1; lastKnownFileType = sourcecode.swift; path = TransactionsViewController.swift; sourceTree = "<group>"; };
		9531C09924C6E7AA00D7C672 /* Codable+Utils.swift */ = {isa = PBXFileReference; lastKnownFileType = sourcecode.swift; path = "Codable+Utils.swift"; sourceTree = "<group>"; };
		9531C09B24C6E93F00D7C672 /* Log.swift */ = {isa = PBXFileReference; lastKnownFileType = sourcecode.swift; path = Log.swift; sourceTree = "<group>"; };
		9531C09D24C6EF3100D7C672 /* TransactionsStates.swift */ = {isa = PBXFileReference; lastKnownFileType = sourcecode.swift; path = TransactionsStates.swift; sourceTree = "<group>"; };
		9531C0A124C6EFF100D7C672 /* NoResultsCell.swift */ = {isa = PBXFileReference; lastKnownFileType = sourcecode.swift; path = NoResultsCell.swift; sourceTree = "<group>"; };
		9531C0A224C6EFF100D7C672 /* NoResultsCell.xib */ = {isa = PBXFileReference; lastKnownFileType = file.xib; path = NoResultsCell.xib; sourceTree = "<group>"; };
		9531C0A524C6F2EC00D7C672 /* SharedLocalization.swift */ = {isa = PBXFileReference; lastKnownFileType = sourcecode.swift; path = SharedLocalization.swift; sourceTree = "<group>"; };
		9531C0A724C6F5DD00D7C672 /* UIViewController+Messages.swift */ = {isa = PBXFileReference; lastKnownFileType = sourcecode.swift; path = "UIViewController+Messages.swift"; sourceTree = "<group>"; };
		9531C0A924C70AEC00D7C672 /* TimeFormatterService.swift */ = {isa = PBXFileReference; lastKnownFileType = sourcecode.swift; path = TimeFormatterService.swift; sourceTree = "<group>"; };
		9531C0AB24C70DDA00D7C672 /* TransactionsSortingService.swift */ = {isa = PBXFileReference; lastKnownFileType = sourcecode.swift; path = TransactionsSortingService.swift; sourceTree = "<group>"; };
		9531C0AD24C7162500D7C672 /* DashboardStates.swift */ = {isa = PBXFileReference; lastKnownFileType = sourcecode.swift; path = DashboardStates.swift; sourceTree = "<group>"; };
		9531C0AF24C717C000D7C672 /* CashExpences.swift */ = {isa = PBXFileReference; lastKnownFileType = sourcecode.swift; path = CashExpences.swift; sourceTree = "<group>"; };
		9531C0B324C7298700D7C672 /* MontlyCashExpensesCell.swift */ = {isa = PBXFileReference; lastKnownFileType = sourcecode.swift; path = MontlyCashExpensesCell.swift; sourceTree = "<group>"; };
		9531C0B424C7298700D7C672 /* MontlyCashExpensesCell.xib */ = {isa = PBXFileReference; lastKnownFileType = file.xib; path = MontlyCashExpensesCell.xib; sourceTree = "<group>"; };
		9531C0BA24C735EB00D7C672 /* AuthentificationAPI.swift */ = {isa = PBXFileReference; lastKnownFileType = sourcecode.swift; path = AuthentificationAPI.swift; sourceTree = "<group>"; };
		9531C0BC24C7361C00D7C672 /* AuthenthificationRequests.swift */ = {isa = PBXFileReference; lastKnownFileType = sourcecode.swift; path = AuthenthificationRequests.swift; sourceTree = "<group>"; };
		9531C0BF24C73A8E00D7C672 /* SignInViewState.swift */ = {isa = PBXFileReference; lastKnownFileType = sourcecode.swift; path = SignInViewState.swift; sourceTree = "<group>"; };
		9531C2F024C75BF700D7C672 /* StubData.swift */ = {isa = PBXFileReference; lastKnownFileType = sourcecode.swift; path = StubData.swift; sourceTree = "<group>"; };
		9531C2F224C75E9700D7C672 /* SignUpViewState.swift */ = {isa = PBXFileReference; lastKnownFileType = sourcecode.swift; path = SignUpViewState.swift; sourceTree = "<group>"; };
		9531C2F424C761E100D7C672 /* Gender.swift */ = {isa = PBXFileReference; lastKnownFileType = sourcecode.swift; path = Gender.swift; sourceTree = "<group>"; };
		9531C2F724C8330800D7C672 /* MessagesCoordinator.swift */ = {isa = PBXFileReference; lastKnownFileType = sourcecode.swift; path = MessagesCoordinator.swift; sourceTree = "<group>"; };
		9531C2FB24C840F700D7C672 /* TextStyle.swift */ = {isa = PBXFileReference; lastKnownFileType = sourcecode.swift; path = TextStyle.swift; sourceTree = "<group>"; };
		9531C2FD24C8411100D7C672 /* Alpha.swift */ = {isa = PBXFileReference; lastKnownFileType = sourcecode.swift; path = Alpha.swift; sourceTree = "<group>"; };
		9531C2FF24C8415300D7C672 /* TextStyling.swift */ = {isa = PBXFileReference; lastKnownFileType = sourcecode.swift; path = TextStyling.swift; sourceTree = "<group>"; };
		9531C30124C841F600D7C672 /* UIColor+Design.swift */ = {isa = PBXFileReference; lastKnownFileType = sourcecode.swift; path = "UIColor+Design.swift"; sourceTree = "<group>"; };
		9535564424C56F0000E32D67 /* PayBank.app */ = {isa = PBXFileReference; explicitFileType = wrapper.application; includeInIndex = 0; path = PayBank.app; sourceTree = BUILT_PRODUCTS_DIR; };
		9535564724C56F0000E32D67 /* AppDelegate.swift */ = {isa = PBXFileReference; lastKnownFileType = sourcecode.swift; path = AppDelegate.swift; sourceTree = "<group>"; };
		9535564E24C56F0000E32D67 /* Base */ = {isa = PBXFileReference; lastKnownFileType = file.storyboard; name = Base; path = Base.lproj/Main.storyboard; sourceTree = "<group>"; };
		9535565024C56F0100E32D67 /* Assets.xcassets */ = {isa = PBXFileReference; lastKnownFileType = folder.assetcatalog; path = Assets.xcassets; sourceTree = "<group>"; };
		9535565324C56F0100E32D67 /* Base */ = {isa = PBXFileReference; lastKnownFileType = file.storyboard; name = Base; path = Base.lproj/LaunchScreen.storyboard; sourceTree = "<group>"; };
		9535565524C56F0100E32D67 /* Info.plist */ = {isa = PBXFileReference; lastKnownFileType = text.plist.xml; path = Info.plist; sourceTree = "<group>"; };
		9535567024C572BB00E32D67 /* StoryboardLoadable.swift */ = {isa = PBXFileReference; lastKnownFileType = sourcecode.swift; path = StoryboardLoadable.swift; sourceTree = "<group>"; };
		9535567324C572D700E32D67 /* Router.swift */ = {isa = PBXFileReference; lastKnownFileType = sourcecode.swift; path = Router.swift; sourceTree = "<group>"; };
		9535567524C572DE00E32D67 /* RouterImp.swift */ = {isa = PBXFileReference; lastKnownFileType = sourcecode.swift; path = RouterImp.swift; sourceTree = "<group>"; };
		9535567724C572F300E32D67 /* Presentable.swift */ = {isa = PBXFileReference; lastKnownFileType = sourcecode.swift; path = Presentable.swift; sourceTree = "<group>"; };
		9535567B24C5734F00E32D67 /* LaunchService.swift */ = {isa = PBXFileReference; lastKnownFileType = sourcecode.swift; path = LaunchService.swift; sourceTree = "<group>"; };
		9535567D24C5738000E32D67 /* Coordinator.swift */ = {isa = PBXFileReference; lastKnownFileType = sourcecode.swift; path = Coordinator.swift; sourceTree = "<group>"; };
		9535567F24C5739900E32D67 /* BaseCoordinator.swift */ = {isa = PBXFileReference; lastKnownFileType = sourcecode.swift; path = BaseCoordinator.swift; sourceTree = "<group>"; };
		9535568124C573C400E32D67 /* ApplicationCoordinator.swift */ = {isa = PBXFileReference; lastKnownFileType = sourcecode.swift; path = ApplicationCoordinator.swift; sourceTree = "<group>"; };
		9535568324C573F200E32D67 /* CoordinatorsAssembly.swift */ = {isa = PBXFileReference; lastKnownFileType = sourcecode.swift; path = CoordinatorsAssembly.swift; sourceTree = "<group>"; };
		9535568524C5743800E32D67 /* ServicesAssembly.swift */ = {isa = PBXFileReference; lastKnownFileType = sourcecode.swift; path = ServicesAssembly.swift; sourceTree = "<group>"; };
		9535568724C5751200E32D67 /* Scripts */ = {isa = PBXFileReference; fileEncoding = 4; lastKnownFileType = text; path = Scripts; sourceTree = SOURCE_ROOT; };
		9535568924C57B3300E32D67 /* AuthCoordinator.swift */ = {isa = PBXFileReference; lastKnownFileType = sourcecode.swift; path = AuthCoordinator.swift; sourceTree = "<group>"; };
		9535568B24C57B3C00E32D67 /* MainCoordinator.swift */ = {isa = PBXFileReference; lastKnownFileType = sourcecode.swift; path = MainCoordinator.swift; sourceTree = "<group>"; };
		953A5F7524C59A0A00E3B438 /* Readme.md */ = {isa = PBXFileReference; lastKnownFileType = net.daringfireball.markdown; path = Readme.md; sourceTree = "<group>"; };
		953A5F7824C59B6C00E3B438 /* TransactionsCoordinator.swift */ = {isa = PBXFileReference; lastKnownFileType = sourcecode.swift; path = TransactionsCoordinator.swift; sourceTree = "<group>"; };
		953A5F7A24C59C8100E3B438 /* DashboardCoordinator.swift */ = {isa = PBXFileReference; lastKnownFileType = sourcecode.swift; path = DashboardCoordinator.swift; sourceTree = "<group>"; };
		95D2EC4424C5A85C0030FE5D /* Localizable.swift */ = {isa = PBXFileReference; lastKnownFileType = sourcecode.swift; path = Localizable.swift; sourceTree = "<group>"; };
		95D2EC4624C5A87C0030FE5D /* SignInViewController.storyboard */ = {isa = PBXFileReference; lastKnownFileType = file.storyboard; path = SignInViewController.storyboard; sourceTree = "<group>"; };
		95D2EC4824C5A89F0030FE5D /* SignUpViewController.storyboard */ = {isa = PBXFileReference; lastKnownFileType = file.storyboard; path = SignUpViewController.storyboard; sourceTree = "<group>"; };
		95D2EC4A24C5A8E10030FE5D /* TransactionsViewController.storyboard */ = {isa = PBXFileReference; lastKnownFileType = file.storyboard; path = TransactionsViewController.storyboard; sourceTree = "<group>"; };
		95D2EC4C24C5A90D0030FE5D /* DashboardViewController.storyboard */ = {isa = PBXFileReference; lastKnownFileType = file.storyboard; path = DashboardViewController.storyboard; sourceTree = "<group>"; };
		95D2EC5024C5CE090030FE5D /* APIClient.swift */ = {isa = PBXFileReference; lastKnownFileType = sourcecode.swift; path = APIClient.swift; sourceTree = "<group>"; };
		95D2EC5224C5CE3C0030FE5D /* APIError.swift */ = {isa = PBXFileReference; lastKnownFileType = sourcecode.swift; path = APIError.swift; sourceTree = "<group>"; };
		95D2EC5424C5CE4E0030FE5D /* APIResult.swift */ = {isa = PBXFileReference; lastKnownFileType = sourcecode.swift; path = APIResult.swift; sourceTree = "<group>"; };
		95D2EC5624C5CE600030FE5D /* APIDomain.swift */ = {isa = PBXFileReference; lastKnownFileType = sourcecode.swift; path = APIDomain.swift; sourceTree = "<group>"; };
		95D2EC5824C5CF8E0030FE5D /* TargetTypeExtension.swift */ = {isa = PBXFileReference; lastKnownFileType = sourcecode.swift; path = TargetTypeExtension.swift; sourceTree = "<group>"; };
		95D2EC5B24C5D4190030FE5D /* TransactionsAPI.swift */ = {isa = PBXFileReference; lastKnownFileType = sourcecode.swift; path = TransactionsAPI.swift; sourceTree = "<group>"; };
		95D2EC5F24C5EDC80030FE5D /* TransactionCell.swift */ = {isa = PBXFileReference; lastKnownFileType = sourcecode.swift; path = TransactionCell.swift; sourceTree = "<group>"; };
		95D2EC6124C5F31D0030FE5D /* TransactionCell.xib */ = {isa = PBXFileReference; lastKnownFileType = file.xib; path = TransactionCell.xib; sourceTree = "<group>"; };
		95D2EC6524C5F7220030FE5D /* Transaction.swift */ = {isa = PBXFileReference; lastKnownFileType = sourcecode.swift; path = Transaction.swift; sourceTree = "<group>"; };
		96FEBD042692D1C01C6279B6 /* DashboardInteractor.swift */ = {isa = PBXFileReference; includeInIndex = 1; lastKnownFileType = sourcecode.swift; path = DashboardInteractor.swift; sourceTree = "<group>"; };
		9C7899A8011E33A8E37D369B /* TransactionsInteractorOutput.swift */ = {isa = PBXFileReference; includeInIndex = 1; lastKnownFileType = sourcecode.swift; path = TransactionsInteractorOutput.swift; sourceTree = "<group>"; };
		9FEA69BFD5D0D604DDB02E4B /* DashboardModuleOutput.swift */ = {isa = PBXFileReference; includeInIndex = 1; lastKnownFileType = sourcecode.swift; path = DashboardModuleOutput.swift; sourceTree = "<group>"; };
		A2000178E10A9FC6EFB1CEBD /* TransactionsModuleOutput.swift */ = {isa = PBXFileReference; includeInIndex = 1; lastKnownFileType = sourcecode.swift; path = TransactionsModuleOutput.swift; sourceTree = "<group>"; };
		AD50C9F8048BCF441AD2C266 /* TransactionsViewOutput.swift */ = {isa = PBXFileReference; includeInIndex = 1; lastKnownFileType = sourcecode.swift; path = TransactionsViewOutput.swift; sourceTree = "<group>"; };
		AF32E2A8DDD96497653955A4 /* SignUpViewController.swift */ = {isa = PBXFileReference; includeInIndex = 1; lastKnownFileType = sourcecode.swift; path = SignUpViewController.swift; sourceTree = "<group>"; };
		B0030A569FF87DB6D409634E /* TransactionsViewInput.swift */ = {isa = PBXFileReference; includeInIndex = 1; lastKnownFileType = sourcecode.swift; path = TransactionsViewInput.swift; sourceTree = "<group>"; };
		B579C27E0FE1D25315903E35 /* SignUpModuleOutput.swift */ = {isa = PBXFileReference; includeInIndex = 1; lastKnownFileType = sourcecode.swift; path = SignUpModuleOutput.swift; sourceTree = "<group>"; };
		B6ABACC244C96F4596383C6A /* TransactionsRouter.swift */ = {isa = PBXFileReference; includeInIndex = 1; lastKnownFileType = sourcecode.swift; path = TransactionsRouter.swift; sourceTree = "<group>"; };
		B97A9B980D24D446F8F5EA75 /* SignUpRouterInput.swift */ = {isa = PBXFileReference; includeInIndex = 1; lastKnownFileType = sourcecode.swift; path = SignUpRouterInput.swift; sourceTree = "<group>"; };
		BD797081D6C007FBDE987380 /* TransactionsLocalization.swift */ = {isa = PBXFileReference; includeInIndex = 1; lastKnownFileType = sourcecode.swift; path = TransactionsLocalization.swift; sourceTree = "<group>"; };
		C3C7EB794A5B7D60BF4C084A /* SignInViewController.swift */ = {isa = PBXFileReference; includeInIndex = 1; lastKnownFileType = sourcecode.swift; path = SignInViewController.swift; sourceTree = "<group>"; };
		C705A1BDD0EEEBD426FEC2A7 /* DashboardViewController.swift */ = {isa = PBXFileReference; includeInIndex = 1; lastKnownFileType = sourcecode.swift; path = DashboardViewController.swift; sourceTree = "<group>"; };
		CA71CE94CC00A1559BCC9989 /* Pods-PayBank.debug.xcconfig */ = {isa = PBXFileReference; includeInIndex = 1; lastKnownFileType = text.xcconfig; name = "Pods-PayBank.debug.xcconfig"; path = "Target Support Files/Pods-PayBank/Pods-PayBank.debug.xcconfig"; sourceTree = "<group>"; };
		CAF295CA61FAD41BB17BD0EE /* TransactionsModuleInput.swift */ = {isa = PBXFileReference; includeInIndex = 1; lastKnownFileType = sourcecode.swift; path = TransactionsModuleInput.swift; sourceTree = "<group>"; };
		D1FA81DADB06695A95B768AC /* SignUpViewInput.swift */ = {isa = PBXFileReference; includeInIndex = 1; lastKnownFileType = sourcecode.swift; path = SignUpViewInput.swift; sourceTree = "<group>"; };
		D339A2CE20074467A59E0011 /* DashboardRouter.swift */ = {isa = PBXFileReference; includeInIndex = 1; lastKnownFileType = sourcecode.swift; path = DashboardRouter.swift; sourceTree = "<group>"; };
		E9291DA2A5C04853680AA60D /* SignUpLocalization.swift */ = {isa = PBXFileReference; includeInIndex = 1; lastKnownFileType = sourcecode.swift; path = SignUpLocalization.swift; sourceTree = "<group>"; };
		F13BA0F245E97D9983A4AC88 /* SignUpRouter.swift */ = {isa = PBXFileReference; includeInIndex = 1; lastKnownFileType = sourcecode.swift; path = SignUpRouter.swift; sourceTree = "<group>"; };
		FD7B5164446A225256542B12 /* SignUpModuleInput.swift */ = {isa = PBXFileReference; includeInIndex = 1; lastKnownFileType = sourcecode.swift; path = SignUpModuleInput.swift; sourceTree = "<group>"; };
/* End PBXFileReference section */

/* Begin PBXFrameworksBuildPhase section */
		9535564124C56F0000E32D67 /* Frameworks */ = {
			isa = PBXFrameworksBuildPhase;
			buildActionMask = 2147483647;
			files = (
				3E5B2E83E0FD71B44FD4D5DE /* Pods_PayBank.framework in Frameworks */,
			);
			runOnlyForDeploymentPostprocessing = 0;
		};
/* End PBXFrameworksBuildPhase section */

/* Begin PBXGroup section */
		04FF47C76853380C72813C7D /* Presenter */ = {
			isa = PBXGroup;
			children = (
				CAF295CA61FAD41BB17BD0EE /* TransactionsModuleInput.swift */,
				A2000178E10A9FC6EFB1CEBD /* TransactionsModuleOutput.swift */,
				05BB62FE1582986702E4E019 /* TransactionsPresenter.swift */,
			);
			path = Presenter;
			sourceTree = "<group>";
		};
		08A30411264299BA2FB4455A /* Localization */ = {
			isa = PBXGroup;
			children = (
				E9291DA2A5C04853680AA60D /* SignUpLocalization.swift */,
			);
			path = Localization;
			sourceTree = "<group>";
		};
		140460958C96C051189160D9 /* View */ = {
			isa = PBXGroup;
			children = (
				9531C0B124C7295800D7C672 /* Cells */,
				4EAE6C4C989916AF5794AE7D /* DashboardViewInput.swift */,
				6FA5A52B6F4FB8176768DFBC /* DashboardViewOutput.swift */,
				C705A1BDD0EEEBD426FEC2A7 /* DashboardViewController.swift */,
				95D2EC4C24C5A90D0030FE5D /* DashboardViewController.storyboard */,
			);
			path = View;
			sourceTree = "<group>";
		};
		1D6AB5E50228433271A202F4 /* Localization */ = {
			isa = PBXGroup;
			children = (
				1EC5F1380C6FF56695FAAE6D /* SignInLocalization.swift */,
			);
			path = Localization;
			sourceTree = "<group>";
		};
		2F87CBA38018373484BE4CEF /* View */ = {
			isa = PBXGroup;
			children = (
				D1FA81DADB06695A95B768AC /* SignUpViewInput.swift */,
				2178D5ABDCD73F625E2CB939 /* SignUpViewOutput.swift */,
				AF32E2A8DDD96497653955A4 /* SignUpViewController.swift */,
				95D2EC4824C5A89F0030FE5D /* SignUpViewController.storyboard */,
			);
			path = View;
			sourceTree = "<group>";
		};
		33B6E0D24C03EBC1EF9BF642 /* SignIn */ = {
			isa = PBXGroup;
			children = (
				AB87463C69E21F82ED8AD0A3 /* View */,
				D8A89BEBD42261EE5628A758 /* Presenter */,
				BF0438B34C50ABEF5D289831 /* Interactor */,
				62E75C6893C22A5FAB0220DE /* Router */,
				BF44C95900CAA84936CB4168 /* Assembly */,
				1D6AB5E50228433271A202F4 /* Localization */,
				9531C0BF24C73A8E00D7C672 /* SignInViewState.swift */,
			);
			path = SignIn;
			sourceTree = "<group>";
		};
		35687D98916FFF88A84C642D /* Presenter */ = {
			isa = PBXGroup;
			children = (
				454EC973644B806D35650CCB /* DashboardModuleInput.swift */,
				9FEA69BFD5D0D604DDB02E4B /* DashboardModuleOutput.swift */,
				7D5FC0208613419BF7B49EE4 /* DashboardPresenter.swift */,
			);
			path = Presenter;
			sourceTree = "<group>";
		};
		4B7361F1A1469F8353BAD728 /* Localization */ = {
			isa = PBXGroup;
			children = (
				BD797081D6C007FBDE987380 /* TransactionsLocalization.swift */,
			);
			path = Localization;
			sourceTree = "<group>";
		};
		5A6C0B86CC26ADC5CBB56398 /* View */ = {
			isa = PBXGroup;
			children = (
				95D2EC5E24C5EDBA0030FE5D /* Cells */,
				B0030A569FF87DB6D409634E /* TransactionsViewInput.swift */,
				AD50C9F8048BCF441AD2C266 /* TransactionsViewOutput.swift */,
				9499EA3F496ABD82F8B15D1E /* TransactionsViewController.swift */,
				95D2EC4A24C5A8E10030FE5D /* TransactionsViewController.storyboard */,
			);
			path = View;
			sourceTree = "<group>";
		};
		62E75C6893C22A5FAB0220DE /* Router */ = {
			isa = PBXGroup;
			children = (
				1F68B9C5A6CC92181293E687 /* SignInRouterInput.swift */,
				13BAACCCE145B106AADF42E1 /* SignInRouter.swift */,
			);
			path = Router;
			sourceTree = "<group>";
		};
		658639FC96FAEA072F6B893D /* Frameworks */ = {
			isa = PBXGroup;
			children = (
				24F2056D821E7B2931A01B3B /* Pods_PayBank.framework */,
			);
			name = Frameworks;
			sourceTree = "<group>";
		};
		7B9D368C8BC1B3F215A64F43 /* Interactor */ = {
			isa = PBXGroup;
			children = (
				528F279ADA2635EE5BCEF231 /* SignUpInteractorInput.swift */,
				44F84A9857A8C5FD115DAE65 /* SignUpInteractorOutput.swift */,
				8D66D43FBBFC5D8416543579 /* SignUpInteractor.swift */,
			);
			path = Interactor;
			sourceTree = "<group>";
		};
		81D1123EAC5610FF566CA6A0 /* Assembly */ = {
			isa = PBXGroup;
			children = (
				45962E32B769C3A0510C8398 /* TransactionsAssembly.swift */,
			);
			path = Assembly;
			sourceTree = "<group>";
		};
		84B9FB04597F3BF8566EB778 /* SignUp */ = {
			isa = PBXGroup;
			children = (
				2F87CBA38018373484BE4CEF /* View */,
				A0F69A20B37A4131CB49BAFF /* Presenter */,
				7B9D368C8BC1B3F215A64F43 /* Interactor */,
				FCFEEB7949086C381AE206D9 /* Router */,
				D523C804A3BF230ADB3D0447 /* Assembly */,
				08A30411264299BA2FB4455A /* Localization */,
				9531C2F224C75E9700D7C672 /* SignUpViewState.swift */,
			);
			path = SignUp;
			sourceTree = "<group>";
		};
		87D720E91F41296E530A62A0 /* Interactor */ = {
			isa = PBXGroup;
			children = (
				29DB3ACDA133AC54164C77FF /* TransactionsInteractorInput.swift */,
				9C7899A8011E33A8E37D369B /* TransactionsInteractorOutput.swift */,
				3713E3ED43B9CC986C7D0369 /* TransactionsInteractor.swift */,
			);
			path = Interactor;
			sourceTree = "<group>";
		};
		89A3BF90B6DB95DBC0A62EAB /* Localization */ = {
			isa = PBXGroup;
			children = (
				3AFE141D92A4D1D66D411EB1 /* DashboardLocalization.swift */,
			);
			path = Localization;
			sourceTree = "<group>";
		};
		935A3770E5F32BA34119EBCF /* Dashboard */ = {
			isa = PBXGroup;
			children = (
				953A5F7A24C59C8100E3B438 /* DashboardCoordinator.swift */,
				9531C0AD24C7162500D7C672 /* DashboardStates.swift */,
				140460958C96C051189160D9 /* View */,
				35687D98916FFF88A84C642D /* Presenter */,
				DBE70DD28A42D5F061BAA6E0 /* Interactor */,
				C537C7579D77D7E356C043E9 /* Router */,
				D06827EC8ABDD8898A2CFB5E /* Assembly */,
				89A3BF90B6DB95DBC0A62EAB /* Localization */,
			);
			path = Dashboard;
			sourceTree = "<group>";
		};
		9531C09F24C6EFBE00D7C672 /*  Views */ = {
			isa = PBXGroup;
			children = (
				9531C0A024C6EFC800D7C672 /* NoResultsCell */,
			);
			path = " Views";
			sourceTree = "<group>";
		};
		9531C0A024C6EFC800D7C672 /* NoResultsCell */ = {
			isa = PBXGroup;
			children = (
				9531C0A124C6EFF100D7C672 /* NoResultsCell.swift */,
				9531C0A224C6EFF100D7C672 /* NoResultsCell.xib */,
			);
			path = NoResultsCell;
			sourceTree = "<group>";
		};
		9531C0B124C7295800D7C672 /* Cells */ = {
			isa = PBXGroup;
			children = (
				9531C0B224C7296200D7C672 /* MontlyCashExpensesCell */,
			);
			path = Cells;
			sourceTree = "<group>";
		};
		9531C0B224C7296200D7C672 /* MontlyCashExpensesCell */ = {
			isa = PBXGroup;
			children = (
				9531C0B324C7298700D7C672 /* MontlyCashExpensesCell.swift */,
				9531C0B424C7298700D7C672 /* MontlyCashExpensesCell.xib */,
			);
			path = MontlyCashExpensesCell;
			sourceTree = "<group>";
		};
		9531C0B924C735CE00D7C672 /* Authentification */ = {
			isa = PBXGroup;
			children = (
				9531C0BA24C735EB00D7C672 /* AuthentificationAPI.swift */,
				9531C0BC24C7361C00D7C672 /* AuthenthificationRequests.swift */,
			);
			path = Authentification;
			sourceTree = "<group>";
		};
		9531C2FA24C840B600D7C672 /* Styleguide */ = {
			isa = PBXGroup;
			children = (
				9531C2FB24C840F700D7C672 /* TextStyle.swift */,
				9531C2FD24C8411100D7C672 /* Alpha.swift */,
				9531C2FF24C8415300D7C672 /* TextStyling.swift */,
			);
			path = Styleguide;
			sourceTree = "<group>";
		};
		9535563B24C56F0000E32D67 = {
			isa = PBXGroup;
			children = (
				9535564624C56F0000E32D67 /* PayBank */,
				9535564524C56F0000E32D67 /* Products */,
				C730D20884094B4094D13293 /* Pods */,
				658639FC96FAEA072F6B893D /* Frameworks */,
			);
			sourceTree = "<group>";
		};
		9535564524C56F0000E32D67 /* Products */ = {
			isa = PBXGroup;
			children = (
				9535564424C56F0000E32D67 /* PayBank.app */,
			);
			name = Products;
			sourceTree = "<group>";
		};
		9535564624C56F0000E32D67 /* PayBank */ = {
			isa = PBXGroup;
			children = (
				953A5F7524C59A0A00E3B438 /* Readme.md */,
				9535568724C5751200E32D67 /* Scripts */,
				9535565F24C5714000E32D67 /* Resources */,
				9535565E24C5712300E32D67 /* Source */,
			);
			path = PayBank;
			sourceTree = "<group>";
		};
		9535565E24C5712300E32D67 /* Source */ = {
			isa = PBXGroup;
			children = (
				9535566824C5725500E32D67 /* AppDelegate */,
				95D2EC6424C5F7140030FE5D /* Models */,
				9535567924C5733300E32D67 /* Services */,
				9535566E24C5728A00E32D67 /* Coordinators */,
				9535566D24C5728200E32D67 /* Assemblies */,
				9535566C24C5727C00E32D67 /* Navigation */,
				9535566B24C5727500E32D67 /* Shared */,
				9535566924C5726B00E32D67 /* Stuff */,
				9535566524C5723700E32D67 /* Flows */,
			);
			path = Source;
			sourceTree = "<group>";
		};
		9535565F24C5714000E32D67 /* Resources */ = {
			isa = PBXGroup;
			children = (
				9535566424C571CB00E32D67 /* Assets */,
				9535566124C5715200E32D67 /* Storyboards */,
				9535566024C5714500E32D67 /* Plist */,
			);
			path = Resources;
			sourceTree = "<group>";
		};
		9535566024C5714500E32D67 /* Plist */ = {
			isa = PBXGroup;
			children = (
				9535565524C56F0100E32D67 /* Info.plist */,
			);
			path = Plist;
			sourceTree = "<group>";
		};
		9535566124C5715200E32D67 /* Storyboards */ = {
			isa = PBXGroup;
			children = (
				9535565224C56F0100E32D67 /* LaunchScreen.storyboard */,
				9535564D24C56F0000E32D67 /* Main.storyboard */,
			);
			path = Storyboards;
			sourceTree = "<group>";
		};
		9535566424C571CB00E32D67 /* Assets */ = {
			isa = PBXGroup;
			children = (
				9535565024C56F0100E32D67 /* Assets.xcassets */,
			);
			path = Assets;
			sourceTree = "<group>";
		};
		9535566524C5723700E32D67 /* Flows */ = {
			isa = PBXGroup;
			children = (
				9535566724C5724F00E32D67 /* MainFlow */,
				9535566624C5724A00E32D67 /* AuthFlow */,
			);
			path = Flows;
			sourceTree = "<group>";
		};
		9535566624C5724A00E32D67 /* AuthFlow */ = {
			isa = PBXGroup;
			children = (
				84B9FB04597F3BF8566EB778 /* SignUp */,
				33B6E0D24C03EBC1EF9BF642 /* SignIn */,
				9535568924C57B3300E32D67 /* AuthCoordinator.swift */,
			);
			path = AuthFlow;
			sourceTree = "<group>";
		};
		9535566724C5724F00E32D67 /* MainFlow */ = {
			isa = PBXGroup;
			children = (
				9535568B24C57B3C00E32D67 /* MainCoordinator.swift */,
				B76DF1B36D5F8EBAF5F5FC8C /* Transactions */,
				935A3770E5F32BA34119EBCF /* Dashboard */,
			);
			path = MainFlow;
			sourceTree = "<group>";
		};
		9535566824C5725500E32D67 /* AppDelegate */ = {
			isa = PBXGroup;
			children = (
				9535564724C56F0000E32D67 /* AppDelegate.swift */,
			);
			path = AppDelegate;
			sourceTree = "<group>";
		};
		9535566924C5726B00E32D67 /* Stuff */ = {
			isa = PBXGroup;
			children = (
				9535566A24C5726F00E32D67 /* Utils */,
			);
			path = Stuff;
			sourceTree = "<group>";
		};
		9535566A24C5726F00E32D67 /* Utils */ = {
			isa = PBXGroup;
			children = (
				9531C2FA24C840B600D7C672 /* Styleguide */,
				95D2EC4424C5A85C0030FE5D /* Localizable.swift */,
				9531C09924C6E7AA00D7C672 /* Codable+Utils.swift */,
				9531C09B24C6E93F00D7C672 /* Log.swift */,
				9531C2F024C75BF700D7C672 /* StubData.swift */,
				9531C0A724C6F5DD00D7C672 /* UIViewController+Messages.swift */,
				9531C30124C841F600D7C672 /* UIColor+Design.swift */,
			);
			path = Utils;
			sourceTree = "<group>";
		};
		9535566B24C5727500E32D67 /* Shared */ = {
			isa = PBXGroup;
			children = (
				9531C09F24C6EFBE00D7C672 /*  Views */,
				9535567024C572BB00E32D67 /* StoryboardLoadable.swift */,
				9535567724C572F300E32D67 /* Presentable.swift */,
				9531C0A524C6F2EC00D7C672 /* SharedLocalization.swift */,
				9531C2F724C8330800D7C672 /* MessagesCoordinator.swift */,
			);
			path = Shared;
			sourceTree = "<group>";
		};
		9535566C24C5727C00E32D67 /* Navigation */ = {
			isa = PBXGroup;
			children = (
				9535567324C572D700E32D67 /* Router.swift */,
				9535567524C572DE00E32D67 /* RouterImp.swift */,
			);
			path = Navigation;
			sourceTree = "<group>";
		};
		9535566D24C5728200E32D67 /* Assemblies */ = {
			isa = PBXGroup;
			children = (
				9535568324C573F200E32D67 /* CoordinatorsAssembly.swift */,
				9535568524C5743800E32D67 /* ServicesAssembly.swift */,
			);
			path = Assemblies;
			sourceTree = "<group>";
		};
		9535566E24C5728A00E32D67 /* Coordinators */ = {
			isa = PBXGroup;
			children = (
				9535567D24C5738000E32D67 /* Coordinator.swift */,
				9535567F24C5739900E32D67 /* BaseCoordinator.swift */,
				9535568124C573C400E32D67 /* ApplicationCoordinator.swift */,
			);
			path = Coordinators;
			sourceTree = "<group>";
		};
		9535567924C5733300E32D67 /* Services */ = {
			isa = PBXGroup;
			children = (
				95D2EC4E24C5CDEA0030FE5D /* Networking */,
				9535567B24C5734F00E32D67 /* LaunchService.swift */,
				9531C0A924C70AEC00D7C672 /* TimeFormatterService.swift */,
				9531C0AB24C70DDA00D7C672 /* TransactionsSortingService.swift */,
			);
			path = Services;
			sourceTree = "<group>";
		};
		95D2EC4E24C5CDEA0030FE5D /* Networking */ = {
			isa = PBXGroup;
			children = (
				95D2EC5024C5CE090030FE5D /* APIClient.swift */,
				95D2EC5224C5CE3C0030FE5D /* APIError.swift */,
				95D2EC5424C5CE4E0030FE5D /* APIResult.swift */,
				95D2EC5624C5CE600030FE5D /* APIDomain.swift */,
				95D2EC4F24C5CDF90030FE5D /* Targets */,
			);
			path = Networking;
			sourceTree = "<group>";
		};
		95D2EC4F24C5CDF90030FE5D /* Targets */ = {
			isa = PBXGroup;
			children = (
				9531C0B924C735CE00D7C672 /* Authentification */,
				95D2EC5A24C5D3FC0030FE5D /* Transactions */,
				95D2EC5824C5CF8E0030FE5D /* TargetTypeExtension.swift */,
			);
			path = Targets;
			sourceTree = "<group>";
		};
		95D2EC5A24C5D3FC0030FE5D /* Transactions */ = {
			isa = PBXGroup;
			children = (
				95D2EC5B24C5D4190030FE5D /* TransactionsAPI.swift */,
			);
			path = Transactions;
			sourceTree = "<group>";
		};
		95D2EC5E24C5EDBA0030FE5D /* Cells */ = {
			isa = PBXGroup;
			children = (
				95D2EC6324C5F3370030FE5D /* TransactionCell */,
			);
			path = Cells;
			sourceTree = "<group>";
		};
		95D2EC6324C5F3370030FE5D /* TransactionCell */ = {
			isa = PBXGroup;
			children = (
				95D2EC5F24C5EDC80030FE5D /* TransactionCell.swift */,
				95D2EC6124C5F31D0030FE5D /* TransactionCell.xib */,
			);
			path = TransactionCell;
			sourceTree = "<group>";
		};
		95D2EC6424C5F7140030FE5D /* Models */ = {
			isa = PBXGroup;
			children = (
				95D2EC6524C5F7220030FE5D /* Transaction.swift */,
				9531C0AF24C717C000D7C672 /* CashExpences.swift */,
				9531C2F424C761E100D7C672 /* Gender.swift */,
			);
			path = Models;
			sourceTree = "<group>";
		};
		A0F69A20B37A4131CB49BAFF /* Presenter */ = {
			isa = PBXGroup;
			children = (
				FD7B5164446A225256542B12 /* SignUpModuleInput.swift */,
				B579C27E0FE1D25315903E35 /* SignUpModuleOutput.swift */,
				6ED8C6661F8D29CF0FDA7D29 /* SignUpPresenter.swift */,
			);
			path = Presenter;
			sourceTree = "<group>";
		};
		AB87463C69E21F82ED8AD0A3 /* View */ = {
			isa = PBXGroup;
			children = (
				0DF96CA71E09985FDD2DF236 /* SignInViewInput.swift */,
				2D5E8676A3D8F8A5AD0E33B0 /* SignInViewOutput.swift */,
				C3C7EB794A5B7D60BF4C084A /* SignInViewController.swift */,
				95D2EC4624C5A87C0030FE5D /* SignInViewController.storyboard */,
			);
			path = View;
			sourceTree = "<group>";
		};
		B76DF1B36D5F8EBAF5F5FC8C /* Transactions */ = {
			isa = PBXGroup;
			children = (
				953A5F7824C59B6C00E3B438 /* TransactionsCoordinator.swift */,
				5A6C0B86CC26ADC5CBB56398 /* View */,
				04FF47C76853380C72813C7D /* Presenter */,
				87D720E91F41296E530A62A0 /* Interactor */,
				F8149E222E9D73B6D2B28FFB /* Router */,
				81D1123EAC5610FF566CA6A0 /* Assembly */,
				4B7361F1A1469F8353BAD728 /* Localization */,
				9531C09D24C6EF3100D7C672 /* TransactionsStates.swift */,
			);
			path = Transactions;
			sourceTree = "<group>";
		};
		BF0438B34C50ABEF5D289831 /* Interactor */ = {
			isa = PBXGroup;
			children = (
				2D6FE41621E39D5D2F6D502A /* SignInInteractorInput.swift */,
				6EA2AABB3613789E4969171F /* SignInInteractorOutput.swift */,
				150DD6D215637A8BD3616E27 /* SignInInteractor.swift */,
			);
			path = Interactor;
			sourceTree = "<group>";
		};
		BF44C95900CAA84936CB4168 /* Assembly */ = {
			isa = PBXGroup;
			children = (
				418778BC57B4782BE71D8E3A /* SignInAssembly.swift */,
			);
			path = Assembly;
			sourceTree = "<group>";
		};
		C537C7579D77D7E356C043E9 /* Router */ = {
			isa = PBXGroup;
			children = (
				03D037928515DA2740D786CC /* DashboardRouterInput.swift */,
				D339A2CE20074467A59E0011 /* DashboardRouter.swift */,
			);
			path = Router;
			sourceTree = "<group>";
		};
		C730D20884094B4094D13293 /* Pods */ = {
			isa = PBXGroup;
			children = (
				CA71CE94CC00A1559BCC9989 /* Pods-PayBank.debug.xcconfig */,
				0EB7A1B6ECE04FA8F2130422 /* Pods-PayBank.release.xcconfig */,
			);
			path = Pods;
			sourceTree = "<group>";
		};
		D06827EC8ABDD8898A2CFB5E /* Assembly */ = {
			isa = PBXGroup;
			children = (
				2A0CD2AED289070D85FF052C /* DashboardAssembly.swift */,
			);
			path = Assembly;
			sourceTree = "<group>";
		};
		D523C804A3BF230ADB3D0447 /* Assembly */ = {
			isa = PBXGroup;
			children = (
				5751DB541826F12F9EFFF489 /* SignUpAssembly.swift */,
			);
			path = Assembly;
			sourceTree = "<group>";
		};
		D8A89BEBD42261EE5628A758 /* Presenter */ = {
			isa = PBXGroup;
			children = (
				1B58EBCEDEF0F068B467874B /* SignInModuleInput.swift */,
				04D833B7FBEF19986E751070 /* SignInModuleOutput.swift */,
				5329024BC7C80C446C0FD032 /* SignInPresenter.swift */,
			);
			path = Presenter;
			sourceTree = "<group>";
		};
		DBE70DD28A42D5F061BAA6E0 /* Interactor */ = {
			isa = PBXGroup;
			children = (
				635335C222544C15CF369473 /* DashboardInteractorInput.swift */,
				2399CE7AD0678C3D4E85FEFA /* DashboardInteractorOutput.swift */,
				96FEBD042692D1C01C6279B6 /* DashboardInteractor.swift */,
			);
			path = Interactor;
			sourceTree = "<group>";
		};
		F8149E222E9D73B6D2B28FFB /* Router */ = {
			isa = PBXGroup;
			children = (
				46C819B9841E531B014C6FD7 /* TransactionsRouterInput.swift */,
				B6ABACC244C96F4596383C6A /* TransactionsRouter.swift */,
			);
			path = Router;
			sourceTree = "<group>";
		};
		FCFEEB7949086C381AE206D9 /* Router */ = {
			isa = PBXGroup;
			children = (
				B97A9B980D24D446F8F5EA75 /* SignUpRouterInput.swift */,
				F13BA0F245E97D9983A4AC88 /* SignUpRouter.swift */,
			);
			path = Router;
			sourceTree = "<group>";
		};
/* End PBXGroup section */

/* Begin PBXNativeTarget section */
		9535564324C56F0000E32D67 /* PayBank */ = {
			isa = PBXNativeTarget;
			buildConfigurationList = 9535565824C56F0100E32D67 /* Build configuration list for PBXNativeTarget "PayBank" */;
			buildPhases = (
				41DD0DD56AA21F189863C490 /* [CP] Check Pods Manifest.lock */,
				9535564024C56F0000E32D67 /* Sources */,
				9535564124C56F0000E32D67 /* Frameworks */,
				9535564224C56F0000E32D67 /* Resources */,
				9535565D24C5709F00E32D67 /* Validation */,
				924229E66A452CD9FB1D8205 /* [CP] Embed Pods Frameworks */,
			);
			buildRules = (
			);
			dependencies = (
			);
			name = PayBank;
			productName = PayBank;
			productReference = 9535564424C56F0000E32D67 /* PayBank.app */;
			productType = "com.apple.product-type.application";
		};
/* End PBXNativeTarget section */

/* Begin PBXProject section */
		9535563C24C56F0000E32D67 /* Project object */ = {
			isa = PBXProject;
			attributes = {
				LastSwiftUpdateCheck = 1160;
				LastUpgradeCheck = 1160;
				ORGANIZATIONNAME = "NIX Solutions";
				TargetAttributes = {
					9535564324C56F0000E32D67 = {
						CreatedOnToolsVersion = 11.6;
					};
				};
			};
			buildConfigurationList = 9535563F24C56F0000E32D67 /* Build configuration list for PBXProject "PayBank" */;
			compatibilityVersion = "Xcode 9.3";
			developmentRegion = en;
			hasScannedForEncodings = 0;
			knownRegions = (
				en,
				Base,
			);
			mainGroup = 9535563B24C56F0000E32D67;
			productRefGroup = 9535564524C56F0000E32D67 /* Products */;
			projectDirPath = "";
			projectRoot = "";
			targets = (
				9535564324C56F0000E32D67 /* PayBank */,
			);
		};
/* End PBXProject section */

/* Begin PBXResourcesBuildPhase section */
		9535564224C56F0000E32D67 /* Resources */ = {
			isa = PBXResourcesBuildPhase;
			buildActionMask = 2147483647;
			files = (
				953A5F7624C59A0A00E3B438 /* Readme.md in Resources */,
				9535565424C56F0100E32D67 /* LaunchScreen.storyboard in Resources */,
				9535565124C56F0100E32D67 /* Assets.xcassets in Resources */,
				95D2EC4724C5A87C0030FE5D /* SignInViewController.storyboard in Resources */,
				9531C0B624C7298700D7C672 /* MontlyCashExpensesCell.xib in Resources */,
				95D2EC6224C5F31D0030FE5D /* TransactionCell.xib in Resources */,
				95D2EC4B24C5A8E10030FE5D /* TransactionsViewController.storyboard in Resources */,
				95D2EC4924C5A89F0030FE5D /* SignUpViewController.storyboard in Resources */,
				95D2EC4D24C5A90D0030FE5D /* DashboardViewController.storyboard in Resources */,
				9535564F24C56F0000E32D67 /* Main.storyboard in Resources */,
				9535568824C5751200E32D67 /* Scripts in Resources */,
				9531C0A424C6EFF100D7C672 /* NoResultsCell.xib in Resources */,
			);
			runOnlyForDeploymentPostprocessing = 0;
		};
/* End PBXResourcesBuildPhase section */

/* Begin PBXShellScriptBuildPhase section */
		41DD0DD56AA21F189863C490 /* [CP] Check Pods Manifest.lock */ = {
			isa = PBXShellScriptBuildPhase;
			buildActionMask = 2147483647;
			files = (
			);
			inputFileListPaths = (
			);
			inputPaths = (
				"${PODS_PODFILE_DIR_PATH}/Podfile.lock",
				"${PODS_ROOT}/Manifest.lock",
			);
			name = "[CP] Check Pods Manifest.lock";
			outputFileListPaths = (
			);
			outputPaths = (
				"$(DERIVED_FILE_DIR)/Pods-PayBank-checkManifestLockResult.txt",
			);
			runOnlyForDeploymentPostprocessing = 0;
			shellPath = /bin/sh;
			shellScript = "diff \"${PODS_PODFILE_DIR_PATH}/Podfile.lock\" \"${PODS_ROOT}/Manifest.lock\" > /dev/null\nif [ $? != 0 ] ; then\n    # print error to STDERR\n    echo \"error: The sandbox is not in sync with the Podfile.lock. Run 'pod install' or update your CocoaPods installation.\" >&2\n    exit 1\nfi\n# This output is used by Xcode 'outputs' to avoid re-running this script phase.\necho \"SUCCESS\" > \"${SCRIPT_OUTPUT_FILE_0}\"\n";
			showEnvVarsInLog = 0;
		};
		924229E66A452CD9FB1D8205 /* [CP] Embed Pods Frameworks */ = {
			isa = PBXShellScriptBuildPhase;
			buildActionMask = 2147483647;
			files = (
			);
			inputFileListPaths = (
				"${PODS_ROOT}/Target Support Files/Pods-PayBank/Pods-PayBank-frameworks-${CONFIGURATION}-input-files.xcfilelist",
			);
			name = "[CP] Embed Pods Frameworks";
			outputFileListPaths = (
				"${PODS_ROOT}/Target Support Files/Pods-PayBank/Pods-PayBank-frameworks-${CONFIGURATION}-output-files.xcfilelist",
			);
			runOnlyForDeploymentPostprocessing = 0;
			shellPath = /bin/sh;
			shellScript = "\"${PODS_ROOT}/Target Support Files/Pods-PayBank/Pods-PayBank-frameworks.sh\"\n";
			showEnvVarsInLog = 0;
		};
		9535565D24C5709F00E32D67 /* Validation */ = {
			isa = PBXShellScriptBuildPhase;
			buildActionMask = 2147483647;
			files = (
			);
			inputFileListPaths = (
			);
			inputPaths = (
			);
			name = Validation;
			outputFileListPaths = (
			);
			outputPaths = (
			);
			runOnlyForDeploymentPostprocessing = 0;
			shellPath = /bin/sh;
			shellScript = "cd \"${SRCROOT}/Source\"\n\"${PODS_ROOT}/SwiftLint/swiftlint\" --config \"${SRCROOT}/Scripts/ConfigurationFiles/SwiftLint/.swiftlint.yml\"\n";
		};
/* End PBXShellScriptBuildPhase section */

/* Begin PBXSourcesBuildPhase section */
		9535564024C56F0000E32D67 /* Sources */ = {
			isa = PBXSourcesBuildPhase;
			buildActionMask = 2147483647;
			files = (
				9535567124C572BB00E32D67 /* StoryboardLoadable.swift in Sources */,
				953A5F7B24C59C8100E3B438 /* DashboardCoordinator.swift in Sources */,
				9531C0AA24C70AEC00D7C672 /* TimeFormatterService.swift in Sources */,
				9531C09C24C6E93F00D7C672 /* Log.swift in Sources */,
				953A5F7924C59B6C00E3B438 /* TransactionsCoordinator.swift in Sources */,
				9535567624C572DE00E32D67 /* RouterImp.swift in Sources */,
				9535567C24C5734F00E32D67 /* LaunchService.swift in Sources */,
				9535568624C5743800E32D67 /* ServicesAssembly.swift in Sources */,
				9535567424C572D700E32D67 /* Router.swift in Sources */,
				9535567824C572F300E32D67 /* Presentable.swift in Sources */,
				9535568224C573C400E32D67 /* ApplicationCoordinator.swift in Sources */,
				9535568424C573F200E32D67 /* CoordinatorsAssembly.swift in Sources */,
				9535564824C56F0000E32D67 /* AppDelegate.swift in Sources */,
				9535567E24C5738000E32D67 /* Coordinator.swift in Sources */,
				9531C0AE24C7162500D7C672 /* DashboardStates.swift in Sources */,
				9535568C24C57B3C00E32D67 /* MainCoordinator.swift in Sources */,
				95D2EC5324C5CE3C0030FE5D /* APIError.swift in Sources */,
				9535568A24C57B3300E32D67 /* AuthCoordinator.swift in Sources */,
				9535568024C5739900E32D67 /* BaseCoordinator.swift in Sources */,
				C5DE9535ED9CAA0D7FC4D124 /* SignInViewInput.swift in Sources */,
				BF881DA65FD8E32A2A3B1FA9 /* SignInViewOutput.swift in Sources */,
				2C2454F84A0D0881EE8F6D1F /* SignInViewController.swift in Sources */,
				B9D301144449E6FBEA3BD6C6 /* SignInModuleInput.swift in Sources */,
				83E734671F0AD2A303E1AAC5 /* SignInModuleOutput.swift in Sources */,
				9531C0A624C6F2EC00D7C672 /* SharedLocalization.swift in Sources */,
				8163EBD73A894C1FFF1ED4C9 /* SignInPresenter.swift in Sources */,
				D58D0D45436EA6C7B85159C8 /* SignInInteractorInput.swift in Sources */,
				95D2EC4524C5A85C0030FE5D /* Localizable.swift in Sources */,
				9531C2F824C8330800D7C672 /* MessagesCoordinator.swift in Sources */,
				72A2E5AF8FDAE2C12974E732 /* SignInInteractorOutput.swift in Sources */,
				D60D5EBB6C18CC2250E5B10C /* SignInInteractor.swift in Sources */,
				9531C2F524C761E100D7C672 /* Gender.swift in Sources */,
				3CA3682581506699456D9706 /* SignInRouterInput.swift in Sources */,
				7CB1E58D7B8E201AC35D1FB9 /* SignInRouter.swift in Sources */,
				2C4AA007F24857BF55C49C3A /* SignInAssembly.swift in Sources */,
				9531C2FC24C840F700D7C672 /* TextStyle.swift in Sources */,
				9531C0B524C7298700D7C672 /* MontlyCashExpensesCell.swift in Sources */,
				D9490F7B73A7CCB4CB42C3EC /* SignInLocalization.swift in Sources */,
				95D2EC6624C5F7220030FE5D /* Transaction.swift in Sources */,
				814BA4686B36E8E58CC81B01 /* SignUpViewInput.swift in Sources */,
				9531C09E24C6EF3100D7C672 /* TransactionsStates.swift in Sources */,
				6D37E6B54AFFAC7A79C8175C /* SignUpViewOutput.swift in Sources */,
				CDE2C0B8AECDA58771073AC0 /* SignUpViewController.swift in Sources */,
				9EA736764410CABF21899730 /* SignUpModuleInput.swift in Sources */,
				9531C2FE24C8411100D7C672 /* Alpha.swift in Sources */,
				116E97A7BD25709091FA4AD6 /* SignUpModuleOutput.swift in Sources */,
				9531C30024C8415300D7C672 /* TextStyling.swift in Sources */,
				6F12040D2460ACE851A30468 /* SignUpPresenter.swift in Sources */,
				95D2EC5724C5CE600030FE5D /* APIDomain.swift in Sources */,
				95D2EC5524C5CE4E0030FE5D /* APIResult.swift in Sources */,
				9531C09A24C6E7AA00D7C672 /* Codable+Utils.swift in Sources */,
				9531C0C024C73A8E00D7C672 /* SignInViewState.swift in Sources */,
				8EEF0CDA7997BAE8202C0DEC /* SignUpInteractorInput.swift in Sources */,
				BBFC4B922850A4963BD99FB5 /* SignUpInteractorOutput.swift in Sources */,
				BBCD00EB787CD1F10AF3A444 /* SignUpInteractor.swift in Sources */,
				9531C0A324C6EFF100D7C672 /* NoResultsCell.swift in Sources */,
				E03197104D89C2BCD0B3CF84 /* SignUpRouterInput.swift in Sources */,
				FE1BFE36129BFAE3C79B96BC /* SignUpRouter.swift in Sources */,
				09D5713E4578CE65BAAC79A5 /* SignUpAssembly.swift in Sources */,
				CC4196624D2414D37328CAE5 /* SignUpLocalization.swift in Sources */,
				CECA2FF71CF1729661A0B84A /* TransactionsViewInput.swift in Sources */,
				A41887EEAAD8D1213E557649 /* TransactionsViewOutput.swift in Sources */,
				9531C0AC24C70DDA00D7C672 /* TransactionsSortingService.swift in Sources */,
				95D2EC5124C5CE090030FE5D /* APIClient.swift in Sources */,
				FB63E180C3D485344B9ADFAF /* TransactionsViewController.swift in Sources */,
				6E2064FF8361263D291DA5F7 /* TransactionsModuleInput.swift in Sources */,
				E45461DE137491299E929D64 /* TransactionsModuleOutput.swift in Sources */,
				39693E3BDA5975B365327B0C /* TransactionsPresenter.swift in Sources */,
				9316DF822A2E4C777F725450 /* TransactionsInteractorInput.swift in Sources */,
				AA817206BDCD1F22AFFF9C21 /* TransactionsInteractorOutput.swift in Sources */,
				69D8754CF053A624F7421E2A /* TransactionsInteractor.swift in Sources */,
				9531C2F124C75BF700D7C672 /* StubData.swift in Sources */,
				50B1E496D7FE44EAF655483D /* TransactionsRouterInput.swift in Sources */,
				9531C0A824C6F5DD00D7C672 /* UIViewController+Messages.swift in Sources */,
				52FE29BAB9E1B7C089E89D7B /* TransactionsRouter.swift in Sources */,
				9531C0B024C717C000D7C672 /* CashExpences.swift in Sources */,
				95D2EC5C24C5D4190030FE5D /* TransactionsAPI.swift in Sources */,
				C2CC021342F2E060DBCD594E /* TransactionsAssembly.swift in Sources */,
				1C22DD631022A032C5971B42 /* TransactionsLocalization.swift in Sources */,
				8544787D1FB96EAB667CBDF7 /* DashboardViewInput.swift in Sources */,
				307410924EA1F052A0E04B4E /* DashboardViewOutput.swift in Sources */,
				127909A5FC70EA5A41288B80 /* DashboardViewController.swift in Sources */,
				95D2EC5924C5CF8E0030FE5D /* TargetTypeExtension.swift in Sources */,
				AC1BB1B36E29415F24E74A66 /* DashboardModuleInput.swift in Sources */,
				9531C0BD24C7361C00D7C672 /* AuthenthificationRequests.swift in Sources */,
				4511BB34BB79F2A330597856 /* DashboardModuleOutput.swift in Sources */,
				B789058CE4829B21B9DAAF09 /* DashboardPresenter.swift in Sources */,
				969CBB08D35C226C1A7E4B88 /* DashboardInteractorInput.swift in Sources */,
				95D2EC6024C5EDC80030FE5D /* TransactionCell.swift in Sources */,
				B04BBE313A92F06CA6189CDE /* DashboardInteractorOutput.swift in Sources */,
				481594AFE0C601AACDCE39D4 /* DashboardInteractor.swift in Sources */,
				9531C2F324C75E9700D7C672 /* SignUpViewState.swift in Sources */,
				7B69246AA40174E309CB4C13 /* DashboardRouterInput.swift in Sources */,
				807D3309B09211EFF926E5FF /* DashboardRouter.swift in Sources */,
				9531C0BB24C735EB00D7C672 /* AuthentificationAPI.swift in Sources */,
				40DAEBDB2DAA768F9ABFC4E7 /* DashboardAssembly.swift in Sources */,
				323BEE10F3436D3E0C301B33 /* DashboardLocalization.swift in Sources */,
				9531C30224C841F600D7C672 /* UIColor+Design.swift in Sources */,
			);
			runOnlyForDeploymentPostprocessing = 0;
		};
/* End PBXSourcesBuildPhase section */

/* Begin PBXVariantGroup section */
		9535564D24C56F0000E32D67 /* Main.storyboard */ = {
			isa = PBXVariantGroup;
			children = (
				9535564E24C56F0000E32D67 /* Base */,
			);
			name = Main.storyboard;
			sourceTree = "<group>";
		};
		9535565224C56F0100E32D67 /* LaunchScreen.storyboard */ = {
			isa = PBXVariantGroup;
			children = (
				9535565324C56F0100E32D67 /* Base */,
			);
			name = LaunchScreen.storyboard;
			sourceTree = "<group>";
		};
/* End PBXVariantGroup section */

/* Begin XCBuildConfiguration section */
		9535565624C56F0100E32D67 /* Debug */ = {
			isa = XCBuildConfiguration;
			buildSettings = {
				ALWAYS_SEARCH_USER_PATHS = NO;
				CLANG_ANALYZER_NONNULL = YES;
				CLANG_ANALYZER_NUMBER_OBJECT_CONVERSION = YES_AGGRESSIVE;
				CLANG_CXX_LANGUAGE_STANDARD = "gnu++14";
				CLANG_CXX_LIBRARY = "libc++";
				CLANG_ENABLE_MODULES = YES;
				CLANG_ENABLE_OBJC_ARC = YES;
				CLANG_ENABLE_OBJC_WEAK = YES;
				CLANG_WARN_BLOCK_CAPTURE_AUTORELEASING = YES;
				CLANG_WARN_BOOL_CONVERSION = YES;
				CLANG_WARN_COMMA = YES;
				CLANG_WARN_CONSTANT_CONVERSION = YES;
				CLANG_WARN_DEPRECATED_OBJC_IMPLEMENTATIONS = YES;
				CLANG_WARN_DIRECT_OBJC_ISA_USAGE = YES_ERROR;
				CLANG_WARN_DOCUMENTATION_COMMENTS = YES;
				CLANG_WARN_EMPTY_BODY = YES;
				CLANG_WARN_ENUM_CONVERSION = YES;
				CLANG_WARN_INFINITE_RECURSION = YES;
				CLANG_WARN_INT_CONVERSION = YES;
				CLANG_WARN_NON_LITERAL_NULL_CONVERSION = YES;
				CLANG_WARN_OBJC_IMPLICIT_RETAIN_SELF = YES;
				CLANG_WARN_OBJC_LITERAL_CONVERSION = YES;
				CLANG_WARN_OBJC_ROOT_CLASS = YES_ERROR;
				CLANG_WARN_RANGE_LOOP_ANALYSIS = YES;
				CLANG_WARN_STRICT_PROTOTYPES = YES;
				CLANG_WARN_SUSPICIOUS_MOVE = YES;
				CLANG_WARN_UNGUARDED_AVAILABILITY = YES_AGGRESSIVE;
				CLANG_WARN_UNREACHABLE_CODE = YES;
				CLANG_WARN__DUPLICATE_METHOD_MATCH = YES;
				COPY_PHASE_STRIP = NO;
				DEBUG_INFORMATION_FORMAT = dwarf;
				ENABLE_STRICT_OBJC_MSGSEND = YES;
				ENABLE_TESTABILITY = YES;
				GCC_C_LANGUAGE_STANDARD = gnu11;
				GCC_DYNAMIC_NO_PIC = NO;
				GCC_NO_COMMON_BLOCKS = YES;
				GCC_OPTIMIZATION_LEVEL = 0;
				GCC_PREPROCESSOR_DEFINITIONS = (
					"DEBUG=1",
					"$(inherited)",
				);
				GCC_WARN_64_TO_32_BIT_CONVERSION = YES;
				GCC_WARN_ABOUT_RETURN_TYPE = YES_ERROR;
				GCC_WARN_UNDECLARED_SELECTOR = YES;
				GCC_WARN_UNINITIALIZED_AUTOS = YES_AGGRESSIVE;
				GCC_WARN_UNUSED_FUNCTION = YES;
				GCC_WARN_UNUSED_VARIABLE = YES;
				IPHONEOS_DEPLOYMENT_TARGET = 13.6;
				MTL_ENABLE_DEBUG_INFO = INCLUDE_SOURCE;
				MTL_FAST_MATH = YES;
				ONLY_ACTIVE_ARCH = YES;
				SDKROOT = iphoneos;
				SWIFT_ACTIVE_COMPILATION_CONDITIONS = DEBUG;
				SWIFT_OPTIMIZATION_LEVEL = "-Onone";
			};
			name = Debug;
		};
		9535565724C56F0100E32D67 /* Release */ = {
			isa = XCBuildConfiguration;
			buildSettings = {
				ALWAYS_SEARCH_USER_PATHS = NO;
				CLANG_ANALYZER_NONNULL = YES;
				CLANG_ANALYZER_NUMBER_OBJECT_CONVERSION = YES_AGGRESSIVE;
				CLANG_CXX_LANGUAGE_STANDARD = "gnu++14";
				CLANG_CXX_LIBRARY = "libc++";
				CLANG_ENABLE_MODULES = YES;
				CLANG_ENABLE_OBJC_ARC = YES;
				CLANG_ENABLE_OBJC_WEAK = YES;
				CLANG_WARN_BLOCK_CAPTURE_AUTORELEASING = YES;
				CLANG_WARN_BOOL_CONVERSION = YES;
				CLANG_WARN_COMMA = YES;
				CLANG_WARN_CONSTANT_CONVERSION = YES;
				CLANG_WARN_DEPRECATED_OBJC_IMPLEMENTATIONS = YES;
				CLANG_WARN_DIRECT_OBJC_ISA_USAGE = YES_ERROR;
				CLANG_WARN_DOCUMENTATION_COMMENTS = YES;
				CLANG_WARN_EMPTY_BODY = YES;
				CLANG_WARN_ENUM_CONVERSION = YES;
				CLANG_WARN_INFINITE_RECURSION = YES;
				CLANG_WARN_INT_CONVERSION = YES;
				CLANG_WARN_NON_LITERAL_NULL_CONVERSION = YES;
				CLANG_WARN_OBJC_IMPLICIT_RETAIN_SELF = YES;
				CLANG_WARN_OBJC_LITERAL_CONVERSION = YES;
				CLANG_WARN_OBJC_ROOT_CLASS = YES_ERROR;
				CLANG_WARN_RANGE_LOOP_ANALYSIS = YES;
				CLANG_WARN_STRICT_PROTOTYPES = YES;
				CLANG_WARN_SUSPICIOUS_MOVE = YES;
				CLANG_WARN_UNGUARDED_AVAILABILITY = YES_AGGRESSIVE;
				CLANG_WARN_UNREACHABLE_CODE = YES;
				CLANG_WARN__DUPLICATE_METHOD_MATCH = YES;
				COPY_PHASE_STRIP = NO;
				DEBUG_INFORMATION_FORMAT = "dwarf-with-dsym";
				ENABLE_NS_ASSERTIONS = NO;
				ENABLE_STRICT_OBJC_MSGSEND = YES;
				GCC_C_LANGUAGE_STANDARD = gnu11;
				GCC_NO_COMMON_BLOCKS = YES;
				GCC_WARN_64_TO_32_BIT_CONVERSION = YES;
				GCC_WARN_ABOUT_RETURN_TYPE = YES_ERROR;
				GCC_WARN_UNDECLARED_SELECTOR = YES;
				GCC_WARN_UNINITIALIZED_AUTOS = YES_AGGRESSIVE;
				GCC_WARN_UNUSED_FUNCTION = YES;
				GCC_WARN_UNUSED_VARIABLE = YES;
				IPHONEOS_DEPLOYMENT_TARGET = 13.6;
				MTL_ENABLE_DEBUG_INFO = NO;
				MTL_FAST_MATH = YES;
				SDKROOT = iphoneos;
				SWIFT_COMPILATION_MODE = wholemodule;
				SWIFT_OPTIMIZATION_LEVEL = "-O";
				VALIDATE_PRODUCT = YES;
			};
			name = Release;
		};
		9535565924C56F0100E32D67 /* Debug */ = {
			isa = XCBuildConfiguration;
			baseConfigurationReference = CA71CE94CC00A1559BCC9989 /* Pods-PayBank.debug.xcconfig */;
			buildSettings = {
				ASSETCATALOG_COMPILER_APPICON_NAME = AppIcon;
				CODE_SIGN_STYLE = Automatic;
				DEVELOPMENT_TEAM = GSMU6JSP5R;
				INFOPLIST_FILE = PayBank/Resources/Plist/Info.plist;
				IPHONEOS_DEPLOYMENT_TARGET = 13.0;
				LD_RUNPATH_SEARCH_PATHS = (
					"$(inherited)",
					"@executable_path/Frameworks",
				);
				PRODUCT_BUNDLE_IDENTIFIER = nix.PayBank;
				PRODUCT_NAME = "$(TARGET_NAME)";
				SWIFT_VERSION = 5.0;
				TARGETED_DEVICE_FAMILY = 1;
			};
			name = Debug;
		};
		9535565A24C56F0100E32D67 /* Release */ = {
			isa = XCBuildConfiguration;
			baseConfigurationReference = 0EB7A1B6ECE04FA8F2130422 /* Pods-PayBank.release.xcconfig */;
			buildSettings = {
				ASSETCATALOG_COMPILER_APPICON_NAME = AppIcon;
				CODE_SIGN_STYLE = Automatic;
				DEVELOPMENT_TEAM = GSMU6JSP5R;
				INFOPLIST_FILE = PayBank/Resources/Plist/Info.plist;
				IPHONEOS_DEPLOYMENT_TARGET = 13.0;
				LD_RUNPATH_SEARCH_PATHS = (
					"$(inherited)",
					"@executable_path/Frameworks",
				);
				PRODUCT_BUNDLE_IDENTIFIER = nix.PayBank;
				PRODUCT_NAME = "$(TARGET_NAME)";
				SWIFT_VERSION = 5.0;
				TARGETED_DEVICE_FAMILY = 1;
			};
			name = Release;
		};
/* End XCBuildConfiguration section */

/* Begin XCConfigurationList section */
		9535563F24C56F0000E32D67 /* Build configuration list for PBXProject "PayBank" */ = {
			isa = XCConfigurationList;
			buildConfigurations = (
				9535565624C56F0100E32D67 /* Debug */,
				9535565724C56F0100E32D67 /* Release */,
			);
			defaultConfigurationIsVisible = 0;
			defaultConfigurationName = Release;
		};
		9535565824C56F0100E32D67 /* Build configuration list for PBXNativeTarget "PayBank" */ = {
			isa = XCConfigurationList;
			buildConfigurations = (
				9535565924C56F0100E32D67 /* Debug */,
				9535565A24C56F0100E32D67 /* Release */,
			);
			defaultConfigurationIsVisible = 0;
			defaultConfigurationName = Release;
		};
/* End XCConfigurationList section */
	};
	rootObject = 9535563C24C56F0000E32D67 /* Project object */;
}
